// !$*UTF8*$!
{
	archiveVersion = 1;
	classes = {
	};
	objectVersion = 56;
	objects = {

/* Begin PBXBuildFile section */
		92C569972BD9843A00C05995 /* DutchBlitzApp.swift in Sources */ = {isa = PBXBuildFile; fileRef = 92C569962BD9843A00C05995 /* DutchBlitzApp.swift */; };
		92C569992BD9843A00C05995 /* ContentView.swift in Sources */ = {isa = PBXBuildFile; fileRef = 92C569982BD9843A00C05995 /* ContentView.swift */; };
		92C5699B2BD9843B00C05995 /* Assets.xcassets in Resources */ = {isa = PBXBuildFile; fileRef = 92C5699A2BD9843B00C05995 /* Assets.xcassets */; };
		92C5699E2BD9843B00C05995 /* Preview Assets.xcassets in Resources */ = {isa = PBXBuildFile; fileRef = 92C5699D2BD9843B00C05995 /* Preview Assets.xcassets */; };
		92C569A52BD9846500C05995 /* GameView.swift in Sources */ = {isa = PBXBuildFile; fileRef = 92C569A42BD9846500C05995 /* GameView.swift */; };
		92C569A72BD9847000C05995 /* PlayerView.swift in Sources */ = {isa = PBXBuildFile; fileRef = 92C569A62BD9847000C05995 /* PlayerView.swift */; };
		92C569A92BD9848600C05995 /* AddPlayerView.swift in Sources */ = {isa = PBXBuildFile; fileRef = 92C569A82BD9848600C05995 /* AddPlayerView.swift */; };
		92C569AB2BD9849400C05995 /* AddGameView.swift in Sources */ = {isa = PBXBuildFile; fileRef = 92C569AA2BD9849400C05995 /* AddGameView.swift */; };
		92C569AD2BD9849C00C05995 /* Player.swift in Sources */ = {isa = PBXBuildFile; fileRef = 92C569AC2BD9849C00C05995 /* Player.swift */; };
		92C569AF2BD984A300C05995 /* Game.swift in Sources */ = {isa = PBXBuildFile; fileRef = 92C569AE2BD984A300C05995 /* Game.swift */; };
/* End PBXBuildFile section */

/* Begin PBXFileReference section */
		92C569932BD9843A00C05995 /* DutchBlitz.app */ = {isa = PBXFileReference; explicitFileType = wrapper.application; includeInIndex = 0; path = DutchBlitz.app; sourceTree = BUILT_PRODUCTS_DIR; };
		92C569962BD9843A00C05995 /* DutchBlitzApp.swift */ = {isa = PBXFileReference; lastKnownFileType = sourcecode.swift; path = DutchBlitzApp.swift; sourceTree = "<group>"; };
		92C569982BD9843A00C05995 /* ContentView.swift */ = {isa = PBXFileReference; lastKnownFileType = sourcecode.swift; path = ContentView.swift; sourceTree = "<group>"; };
		92C5699A2BD9843B00C05995 /* Assets.xcassets */ = {isa = PBXFileReference; lastKnownFileType = folder.assetcatalog; path = Assets.xcassets; sourceTree = "<group>"; };
		92C5699D2BD9843B00C05995 /* Preview Assets.xcassets */ = {isa = PBXFileReference; lastKnownFileType = folder.assetcatalog; path = "Preview Assets.xcassets"; sourceTree = "<group>"; };
		92C569A42BD9846500C05995 /* GameView.swift */ = {isa = PBXFileReference; lastKnownFileType = sourcecode.swift; path = GameView.swift; sourceTree = "<group>"; };
		92C569A62BD9847000C05995 /* PlayerView.swift */ = {isa = PBXFileReference; lastKnownFileType = sourcecode.swift; path = PlayerView.swift; sourceTree = "<group>"; };
		92C569A82BD9848600C05995 /* AddPlayerView.swift */ = {isa = PBXFileReference; lastKnownFileType = sourcecode.swift; path = AddPlayerView.swift; sourceTree = "<group>"; };
		92C569AA2BD9849400C05995 /* AddGameView.swift */ = {isa = PBXFileReference; lastKnownFileType = sourcecode.swift; path = AddGameView.swift; sourceTree = "<group>"; };
		92C569AC2BD9849C00C05995 /* Player.swift */ = {isa = PBXFileReference; lastKnownFileType = sourcecode.swift; path = Player.swift; sourceTree = "<group>"; };
		92C569AE2BD984A300C05995 /* Game.swift */ = {isa = PBXFileReference; lastKnownFileType = sourcecode.swift; path = Game.swift; sourceTree = "<group>"; };
/* End PBXFileReference section */

/* Begin PBXFrameworksBuildPhase section */
		92C569902BD9843A00C05995 /* Frameworks */ = {
			isa = PBXFrameworksBuildPhase;
			buildActionMask = 2147483647;
			files = (
			);
			runOnlyForDeploymentPostprocessing = 0;
		};
/* End PBXFrameworksBuildPhase section */

/* Begin PBXGroup section */
		92C5698A2BD9843A00C05995 = {
			isa = PBXGroup;
			children = (
				92C569952BD9843A00C05995 /* DutchBlitz */,
				92C569942BD9843A00C05995 /* Products */,
			);
			sourceTree = "<group>";
		};
		92C569942BD9843A00C05995 /* Products */ = {
			isa = PBXGroup;
			children = (
				92C569932BD9843A00C05995 /* DutchBlitz.app */,
			);
			name = Products;
			sourceTree = "<group>";
		};
		92C569952BD9843A00C05995 /* DutchBlitz */ = {
			isa = PBXGroup;
			children = (
				92C569962BD9843A00C05995 /* DutchBlitzApp.swift */,
				92C569982BD9843A00C05995 /* ContentView.swift */,
				92C5699A2BD9843B00C05995 /* Assets.xcassets */,
				92C5699C2BD9843B00C05995 /* Preview Content */,
				92C569A42BD9846500C05995 /* GameView.swift */,
				92C569A62BD9847000C05995 /* PlayerView.swift */,
				92C569A82BD9848600C05995 /* AddPlayerView.swift */,
				92C569AA2BD9849400C05995 /* AddGameView.swift */,
				92C569AC2BD9849C00C05995 /* Player.swift */,
				92C569AE2BD984A300C05995 /* Game.swift */,
			);
			path = DutchBlitz;
			sourceTree = "<group>";
		};
		92C5699C2BD9843B00C05995 /* Preview Content */ = {
			isa = PBXGroup;
			children = (
				92C5699D2BD9843B00C05995 /* Preview Assets.xcassets */,
			);
			path = "Preview Content";
			sourceTree = "<group>";
		};
/* End PBXGroup section */

/* Begin PBXNativeTarget section */
		92C569922BD9843A00C05995 /* DutchBlitz */ = {
			isa = PBXNativeTarget;
			buildConfigurationList = 92C569A12BD9843B00C05995 /* Build configuration list for PBXNativeTarget "DutchBlitz" */;
			buildPhases = (
				92C5698F2BD9843A00C05995 /* Sources */,
				92C569902BD9843A00C05995 /* Frameworks */,
				92C569912BD9843A00C05995 /* Resources */,
			);
			buildRules = (
			);
			dependencies = (
			);
			name = DutchBlitz;
			productName = DutchBlitz;
			productReference = 92C569932BD9843A00C05995 /* DutchBlitz.app */;
			productType = "com.apple.product-type.application";
		};
/* End PBXNativeTarget section */

/* Begin PBXProject section */
		92C5698B2BD9843A00C05995 /* Project object */ = {
			isa = PBXProject;
			attributes = {
				BuildIndependentTargetsInParallel = 1;
				LastSwiftUpdateCheck = 1530;
				LastUpgradeCheck = 1530;
				TargetAttributes = {
					92C569922BD9843A00C05995 = {
						CreatedOnToolsVersion = 15.3;
					};
				};
			};
			buildConfigurationList = 92C5698E2BD9843A00C05995 /* Build configuration list for PBXProject "DutchBlitz" */;
			compatibilityVersion = "Xcode 14.0";
			developmentRegion = en;
			hasScannedForEncodings = 0;
			knownRegions = (
				en,
				Base,
			);
			mainGroup = 92C5698A2BD9843A00C05995;
			productRefGroup = 92C569942BD9843A00C05995 /* Products */;
			projectDirPath = "";
			projectRoot = "";
			targets = (
				92C569922BD9843A00C05995 /* DutchBlitz */,
			);
		};
/* End PBXProject section */

/* Begin PBXResourcesBuildPhase section */
		92C569912BD9843A00C05995 /* Resources */ = {
			isa = PBXResourcesBuildPhase;
			buildActionMask = 2147483647;
			files = (
				92C5699E2BD9843B00C05995 /* Preview Assets.xcassets in Resources */,
				92C5699B2BD9843B00C05995 /* Assets.xcassets in Resources */,
			);
			runOnlyForDeploymentPostprocessing = 0;
		};
/* End PBXResourcesBuildPhase section */

/* Begin PBXSourcesBuildPhase section */
		92C5698F2BD9843A00C05995 /* Sources */ = {
			isa = PBXSourcesBuildPhase;
			buildActionMask = 2147483647;
			files = (
				92C569AB2BD9849400C05995 /* AddGameView.swift in Sources */,
				92C569A92BD9848600C05995 /* AddPlayerView.swift in Sources */,
				92C569992BD9843A00C05995 /* ContentView.swift in Sources */,
				92C569A52BD9846500C05995 /* GameView.swift in Sources */,
				92C569AD2BD9849C00C05995 /* Player.swift in Sources */,
				92C569972BD9843A00C05995 /* DutchBlitzApp.swift in Sources */,
				92C569A72BD9847000C05995 /* PlayerView.swift in Sources */,
				92C569AF2BD984A300C05995 /* Game.swift in Sources */,
			);
			runOnlyForDeploymentPostprocessing = 0;
		};
/* End PBXSourcesBuildPhase section */

/* Begin XCBuildConfiguration section */
		92C5699F2BD9843B00C05995 /* Debug */ = {
			isa = XCBuildConfiguration;
			buildSettings = {
				ALWAYS_SEARCH_USER_PATHS = NO;
				ASSETCATALOG_COMPILER_GENERATE_SWIFT_ASSET_SYMBOL_EXTENSIONS = YES;
				CLANG_ANALYZER_NONNULL = YES;
				CLANG_ANALYZER_NUMBER_OBJECT_CONVERSION = YES_AGGRESSIVE;
				CLANG_CXX_LANGUAGE_STANDARD = "gnu++20";
				CLANG_ENABLE_MODULES = YES;
				CLANG_ENABLE_OBJC_ARC = YES;
				CLANG_ENABLE_OBJC_WEAK = YES;
				CLANG_WARN_BLOCK_CAPTURE_AUTORELEASING = YES;
				CLANG_WARN_BOOL_CONVERSION = YES;
				CLANG_WARN_COMMA = YES;
				CLANG_WARN_CONSTANT_CONVERSION = YES;
				CLANG_WARN_DEPRECATED_OBJC_IMPLEMENTATIONS = YES;
				CLANG_WARN_DIRECT_OBJC_ISA_USAGE = YES_ERROR;
				CLANG_WARN_DOCUMENTATION_COMMENTS = YES;
				CLANG_WARN_EMPTY_BODY = YES;
				CLANG_WARN_ENUM_CONVERSION = YES;
				CLANG_WARN_INFINITE_RECURSION = YES;
				CLANG_WARN_INT_CONVERSION = YES;
				CLANG_WARN_NON_LITERAL_NULL_CONVERSION = YES;
				CLANG_WARN_OBJC_IMPLICIT_RETAIN_SELF = YES;
				CLANG_WARN_OBJC_LITERAL_CONVERSION = YES;
				CLANG_WARN_OBJC_ROOT_CLASS = YES_ERROR;
				CLANG_WARN_QUOTED_INCLUDE_IN_FRAMEWORK_HEADER = YES;
				CLANG_WARN_RANGE_LOOP_ANALYSIS = YES;
				CLANG_WARN_STRICT_PROTOTYPES = YES;
				CLANG_WARN_SUSPICIOUS_MOVE = YES;
				CLANG_WARN_UNGUARDED_AVAILABILITY = YES_AGGRESSIVE;
				CLANG_WARN_UNREACHABLE_CODE = YES;
				CLANG_WARN__DUPLICATE_METHOD_MATCH = YES;
				COPY_PHASE_STRIP = NO;
				DEBUG_INFORMATION_FORMAT = dwarf;
				ENABLE_STRICT_OBJC_MSGSEND = YES;
				ENABLE_TESTABILITY = YES;
				ENABLE_USER_SCRIPT_SANDBOXING = YES;
				GCC_C_LANGUAGE_STANDARD = gnu17;
				GCC_DYNAMIC_NO_PIC = NO;
				GCC_NO_COMMON_BLOCKS = YES;
				GCC_OPTIMIZATION_LEVEL = 0;
				GCC_PREPROCESSOR_DEFINITIONS = (
					"DEBUG=1",
					"$(inherited)",
				);
				GCC_WARN_64_TO_32_BIT_CONVERSION = YES;
				GCC_WARN_ABOUT_RETURN_TYPE = YES_ERROR;
				GCC_WARN_UNDECLARED_SELECTOR = YES;
				GCC_WARN_UNINITIALIZED_AUTOS = YES_AGGRESSIVE;
				GCC_WARN_UNUSED_FUNCTION = YES;
				GCC_WARN_UNUSED_VARIABLE = YES;
				IPHONEOS_DEPLOYMENT_TARGET = 17.4;
				LOCALIZATION_PREFERS_STRING_CATALOGS = YES;
				MTL_ENABLE_DEBUG_INFO = INCLUDE_SOURCE;
				MTL_FAST_MATH = YES;
				ONLY_ACTIVE_ARCH = YES;
				SDKROOT = iphoneos;
				SWIFT_ACTIVE_COMPILATION_CONDITIONS = "DEBUG $(inherited)";
				SWIFT_OPTIMIZATION_LEVEL = "-Onone";
			};
			name = Debug;
		};
		92C569A02BD9843B00C05995 /* Release */ = {
			isa = XCBuildConfiguration;
			buildSettings = {
				ALWAYS_SEARCH_USER_PATHS = NO;
				ASSETCATALOG_COMPILER_GENERATE_SWIFT_ASSET_SYMBOL_EXTENSIONS = YES;
				CLANG_ANALYZER_NONNULL = YES;
				CLANG_ANALYZER_NUMBER_OBJECT_CONVERSION = YES_AGGRESSIVE;
				CLANG_CXX_LANGUAGE_STANDARD = "gnu++20";
				CLANG_ENABLE_MODULES = YES;
				CLANG_ENABLE_OBJC_ARC = YES;
				CLANG_ENABLE_OBJC_WEAK = YES;
				CLANG_WARN_BLOCK_CAPTURE_AUTORELEASING = YES;
				CLANG_WARN_BOOL_CONVERSION = YES;
				CLANG_WARN_COMMA = YES;
				CLANG_WARN_CONSTANT_CONVERSION = YES;
				CLANG_WARN_DEPRECATED_OBJC_IMPLEMENTATIONS = YES;
				CLANG_WARN_DIRECT_OBJC_ISA_USAGE = YES_ERROR;
				CLANG_WARN_DOCUMENTATION_COMMENTS = YES;
				CLANG_WARN_EMPTY_BODY = YES;
				CLANG_WARN_ENUM_CONVERSION = YES;
				CLANG_WARN_INFINITE_RECURSION = YES;
				CLANG_WARN_INT_CONVERSION = YES;
				CLANG_WARN_NON_LITERAL_NULL_CONVERSION = YES;
				CLANG_WARN_OBJC_IMPLICIT_RETAIN_SELF = YES;
				CLANG_WARN_OBJC_LITERAL_CONVERSION = YES;
				CLANG_WARN_OBJC_ROOT_CLASS = YES_ERROR;
				CLANG_WARN_QUOTED_INCLUDE_IN_FRAMEWORK_HEADER = YES;
				CLANG_WARN_RANGE_LOOP_ANALYSIS = YES;
				CLANG_WARN_STRICT_PROTOTYPES = YES;
				CLANG_WARN_SUSPICIOUS_MOVE = YES;
				CLANG_WARN_UNGUARDED_AVAILABILITY = YES_AGGRESSIVE;
				CLANG_WARN_UNREACHABLE_CODE = YES;
				CLANG_WARN__DUPLICATE_METHOD_MATCH = YES;
				COPY_PHASE_STRIP = NO;
				DEBUG_INFORMATION_FORMAT = "dwarf-with-dsym";
				ENABLE_NS_ASSERTIONS = NO;
				ENABLE_STRICT_OBJC_MSGSEND = YES;
				ENABLE_USER_SCRIPT_SANDBOXING = YES;
				GCC_C_LANGUAGE_STANDARD = gnu17;
				GCC_NO_COMMON_BLOCKS = YES;
				GCC_WARN_64_TO_32_BIT_CONVERSION = YES;
				GCC_WARN_ABOUT_RETURN_TYPE = YES_ERROR;
				GCC_WARN_UNDECLARED_SELECTOR = YES;
				GCC_WARN_UNINITIALIZED_AUTOS = YES_AGGRESSIVE;
				GCC_WARN_UNUSED_FUNCTION = YES;
				GCC_WARN_UNUSED_VARIABLE = YES;
				IPHONEOS_DEPLOYMENT_TARGET = 17.4;
				LOCALIZATION_PREFERS_STRING_CATALOGS = YES;
				MTL_ENABLE_DEBUG_INFO = NO;
				MTL_FAST_MATH = YES;
				SDKROOT = iphoneos;
				SWIFT_COMPILATION_MODE = wholemodule;
				VALIDATE_PRODUCT = YES;
			};
			name = Release;
		};
		92C569A22BD9843B00C05995 /* Debug */ = {
			isa = XCBuildConfiguration;
			buildSettings = {
				ASSETCATALOG_COMPILER_APPICON_NAME = AppIcon;
				ASSETCATALOG_COMPILER_GLOBAL_ACCENT_COLOR_NAME = AccentColor;
				CODE_SIGN_STYLE = Automatic;
				CURRENT_PROJECT_VERSION = 1;
				DEVELOPMENT_ASSET_PATHS = "\"DutchBlitz/Preview Content\"";
				DEVELOPMENT_TEAM = UC3MPYRN83;
				ENABLE_PREVIEWS = YES;
				GENERATE_INFOPLIST_FILE = YES;
				INFOPLIST_KEY_UIApplicationSceneManifest_Generation = YES;
				INFOPLIST_KEY_UIApplicationSupportsIndirectInputEvents = YES;
				INFOPLIST_KEY_UILaunchScreen_Generation = YES;
				INFOPLIST_KEY_UISupportedInterfaceOrientations_iPad = "UIInterfaceOrientationPortrait UIInterfaceOrientationPortraitUpsideDown UIInterfaceOrientationLandscapeLeft UIInterfaceOrientationLandscapeRight";
				INFOPLIST_KEY_UISupportedInterfaceOrientations_iPhone = "UIInterfaceOrientationPortrait UIInterfaceOrientationLandscapeLeft UIInterfaceOrientationLandscapeRight";
				LD_RUNPATH_SEARCH_PATHS = (
					"$(inherited)",
					"@executable_path/Frameworks",
				);
				MARKETING_VERSION = 1.0;
				PRODUCT_BUNDLE_IDENTIFIER = me.Wu.Anna.DutchBlitz;
				PRODUCT_NAME = "$(TARGET_NAME)";
				SWIFT_EMIT_LOC_STRINGS = YES;
				SWIFT_VERSION = 5.0;
				TARGETED_DEVICE_FAMILY = "1,2";
			};
			name = Debug;
		};
		92C569A32BD9843B00C05995 /* Release */ = {
			isa = XCBuildConfiguration;
			buildSettings = {
				ASSETCATALOG_COMPILER_APPICON_NAME = AppIcon;
				ASSETCATALOG_COMPILER_GLOBAL_ACCENT_COLOR_NAME = AccentColor;
				CODE_SIGN_STYLE = Automatic;
				CURRENT_PROJECT_VERSION = 1;
				DEVELOPMENT_ASSET_PATHS = "\"DutchBlitz/Preview Content\"";
				DEVELOPMENT_TEAM = UC3MPYRN83;
				ENABLE_PREVIEWS = YES;
				GENERATE_INFOPLIST_FILE = YES;
				INFOPLIST_KEY_UIApplicationSceneManifest_Generation = YES;
				INFOPLIST_KEY_UIApplicationSupportsIndirectInputEvents = YES;
				INFOPLIST_KEY_UILaunchScreen_Generation = YES;
				INFOPLIST_KEY_UISupportedInterfaceOrientations_iPad = "UIInterfaceOrientationPortrait UIInterfaceOrientationPortraitUpsideDown UIInterfaceOrientationLandscapeLeft UIInterfaceOrientationLandscapeRight";
				INFOPLIST_KEY_UISupportedInterfaceOrientations_iPhone = "UIInterfaceOrientationPortrait UIInterfaceOrientationLandscapeLeft UIInterfaceOrientationLandscapeRight";
				LD_RUNPATH_SEARCH_PATHS = (
					"$(inherited)",
					"@executable_path/Frameworks",
				);
				MARKETING_VERSION = 1.0;
				PRODUCT_BUNDLE_IDENTIFIER = me.Wu.Anna.DutchBlitz;
				PRODUCT_NAME = "$(TARGET_NAME)";
				SWIFT_EMIT_LOC_STRINGS = YES;
				SWIFT_VERSION = 5.0;
				TARGETED_DEVICE_FAMILY = "1,2";
			};
			name = Release;
		};
/* End XCBuildConfiguration section */

/* Begin XCConfigurationList section */
		92C5698E2BD9843A00C05995 /* Build configuration list for PBXProject "DutchBlitz" */ = {
			isa = XCConfigurationList;
			buildConfigurations = (
				92C5699F2BD9843B00C05995 /* Debug */,
				92C569A02BD9843B00C05995 /* Release */,
			);
			defaultConfigurationIsVisible = 0;
			defaultConfigurationName = Release;
		};
		92C569A12BD9843B00C05995 /* Build configuration list for PBXNativeTarget "DutchBlitz" */ = {
			isa = XCConfigurationList;
			buildConfigurations = (
				92C569A22BD9843B00C05995 /* Debug */,
				92C569A32BD9843B00C05995 /* Release */,
			);
			defaultConfigurationIsVisible = 0;
			defaultConfigurationName = Release;
		};
/* End XCConfigurationList section */
	};
	rootObject = 92C5698B2BD9843A00C05995 /* Project object */;
}
